
Microsoft Visual Studio Solution File, Format Version 12.00
# Visual Studio Version 16
VisualStudioVersion = 16.0.29326.143
MinimumVisualStudioVersion = 10.0.40219.1
Project("{FAE04EC0-301F-11D3-BF4B-00C04F79EFBC}") = "MovieAPP", "MovieAPP\MovieAPP\MovieAPP.csproj", "{1B515CD3-B7CD-4603-8C00-AB9136E8A9C9}"
EndProject
Project("{FAE04EC0-301F-11D3-BF4B-00C04F79EFBC}") = "MovieAPP.Android", "MovieAPP\MovieAPP.Android\MovieAPP.Android.csproj", "{69D2F57A-FDBB-46AC-B51A-D435619B8415}"
EndProject
Global
	GlobalSection(SolutionConfigurationPlatforms) = preSolution
		Debug|Any CPU = Debug|Any CPU
		Release|Any CPU = Release|Any CPU
	EndGlobalSection
	GlobalSection(ProjectConfigurationPlatforms) = postSolution
		{1B515CD3-B7CD-4603-8C00-AB9136E8A9C9}.Debug|Any CPU.ActiveCfg = Debug|Any CPU
		{1B515CD3-B7CD-4603-8C00-AB9136E8A9C9}.Debug|Any CPU.Build.0 = Debug|Any CPU
		{1B515CD3-B7CD-4603-8C00-AB9136E8A9C9}.Release|Any CPU.ActiveCfg = Release|Any CPU
		{1B515CD3-B7CD-4603-8C00-AB9136E8A9C9}.Release|Any CPU.Build.0 = Release|Any CPU
		{69D2F57A-FDBB-46AC-B51A-D435619B8415}.Debug|Any CPU.ActiveCfg = Debug|Any CPU
		{69D2F57A-FDBB-46AC-B51A-D435619B8415}.Debug|Any CPU.Build.0 = Debug|Any CPU
		{69D2F57A-FDBB-46AC-B51A-D435619B8415}.Debug|Any CPU.Deploy.0 = Debug|Any CPU
		{69D2F57A-FDBB-46AC-B51A-D435619B8415}.Release|Any CPU.ActiveCfg = Release|Any CPU
		{69D2F57A-FDBB-46AC-B51A-D435619B8415}.Release|Any CPU.Build.0 = Release|Any CPU
		{69D2F57A-FDBB-46AC-B51A-D435619B8415}.Release|Any CPU.Deploy.0 = Release|Any CPU
	EndGlobalSection
	GlobalSection(SolutionProperties) = preSolution
		HideSolutionNode = FALSE
	EndGlobalSection
	GlobalSection(ExtensibilityGlobals) = postSolution
		SolutionGuid = {2E10A3BF-486F-4AD1-A20A-CD81F8C8048F}
	EndGlobalSection
EndGlobal
